
Microsoft Visual Studio Solution File, Format Version 12.00
# Visual Studio Version 16
VisualStudioVersion = 16.0.29209.152
MinimumVisualStudioVersion = 10.0.40219.1
Project("{FAE04EC0-301F-11D3-BF4B-00C04F79EFBC}") = "Distancia2DimensionesVI", "Distancia2DimensionesVI\Distancia2DimensionesVI.csproj", "{99ADAF9C-E37B-4BC9-A219-826308B8ADF2}"
EndProject
Global
	GlobalSection(SolutionConfigurationPlatforms) = preSolution
		Debug|Any CPU = Debug|Any CPU
		Release|Any CPU = Release|Any CPU
	EndGlobalSection
	GlobalSection(ProjectConfigurationPlatforms) = postSolution
		{99ADAF9C-E37B-4BC9-A219-826308B8ADF2}.Debug|Any CPU.ActiveCfg = Debug|Any CPU
		{99ADAF9C-E37B-4BC9-A219-826308B8ADF2}.Debug|Any CPU.Build.0 = Debug|Any CPU
		{99ADAF9C-E37B-4BC9-A219-826308B8ADF2}.Release|Any CPU.ActiveCfg = Release|Any CPU
		{99ADAF9C-E37B-4BC9-A219-826308B8ADF2}.Release|Any CPU.Build.0 = Release|Any CPU
	EndGlobalSection
	GlobalSection(SolutionProperties) = preSolution
		HideSolutionNode = FALSE
	EndGlobalSection
	GlobalSection(ExtensibilityGlobals) = postSolution
		SolutionGuid = {17C0E75A-3859-4265-A69C-CA327499B546}
	EndGlobalSection
EndGlobal
